// !$*UTF8*$!
{
	archiveVersion = 1;
	classes = {
	};
	objectVersion = 46;
	objects = {

/* Begin PBXBuildFile section */
		D04B78C61C295DB600B76EAA /* main.m in Sources */ = {isa = PBXBuildFile; fileRef = D04B78C51C295DB600B76EAA /* main.m */; };
		D04B78C91C295DB600B76EAA /* AppDelegate.m in Sources */ = {isa = PBXBuildFile; fileRef = D04B78C81C295DB600B76EAA /* AppDelegate.m */; };
		D04B78CC1C295DB600B76EAA /* ViewController.m in Sources */ = {isa = PBXBuildFile; fileRef = D04B78CB1C295DB600B76EAA /* ViewController.m */; };
		D04B78CF1C295DB600B76EAA /* Main.storyboard in Resources */ = {isa = PBXBuildFile; fileRef = D04B78CD1C295DB600B76EAA /* Main.storyboard */; };
		D04B78D11C295DB600B76EAA /* Assets.xcassets in Resources */ = {isa = PBXBuildFile; fileRef = D04B78D01C295DB600B76EAA /* Assets.xcassets */; };
		D04B78D41C295DB600B76EAA /* LaunchScreen.storyboard in Resources */ = {isa = PBXBuildFile; fileRef = D04B78D21C295DB600B76EAA /* LaunchScreen.storyboard */; };
		D04B78DF1C295DEB00B76EAA /* AsyncUdpSocket.m in Sources */ = {isa = PBXBuildFile; fileRef = D04B78DE1C295DEB00B76EAA /* AsyncUdpSocket.m */; };
		D04B78E21C295DF800B76EAA /* AsyncSocket.m in Sources */ = {isa = PBXBuildFile; fileRef = D04B78E11C295DF800B76EAA /* AsyncSocket.m */; };
/* End PBXBuildFile section */

/* Begin PBXFileReference section */
		D04B78C11C295DB600B76EAA /* PishumTcpUdpSocket.app */ = {isa = PBXFileReference; explicitFileType = wrapper.application; includeInIndex = 0; path = PishumTcpUdpSocket.app; sourceTree = BUILT_PRODUCTS_DIR; };
		D04B78C51C295DB600B76EAA /* main.m */ = {isa = PBXFileReference; lastKnownFileType = sourcecode.c.objc; path = main.m; sourceTree = "<group>"; };
		D04B78C71C295DB600B76EAA /* AppDelegate.h */ = {isa = PBXFileReference; lastKnownFileType = sourcecode.c.h; path = AppDelegate.h; sourceTree = "<group>"; };
		D04B78C81C295DB600B76EAA /* AppDelegate.m */ = {isa = PBXFileReference; lastKnownFileType = sourcecode.c.objc; path = AppDelegate.m; sourceTree = "<group>"; };
		D04B78CA1C295DB600B76EAA /* ViewController.h */ = {isa = PBXFileReference; lastKnownFileType = sourcecode.c.h; path = ViewController.h; sourceTree = "<group>"; };
		D04B78CB1C295DB600B76EAA /* ViewController.m */ = {isa = PBXFileReference; lastKnownFileType = sourcecode.c.objc; path = ViewController.m; sourceTree = "<group>"; };
		D04B78CE1C295DB600B76EAA /* Base */ = {isa = PBXFileReference; lastKnownFileType = file.storyboard; name = Base; path = Base.lproj/Main.storyboard; sourceTree = "<group>"; };
		D04B78D01C295DB600B76EAA /* Assets.xcassets */ = {isa = PBXFileReference; lastKnownFileType = folder.assetcatalog; path = Assets.xcassets; sourceTree = "<group>"; };
		D04B78D31C295DB600B76EAA /* Base */ = {isa = PBXFileReference; lastKnownFileType = file.storyboard; name = Base; path = Base.lproj/LaunchScreen.storyboard; sourceTree = "<group>"; };
		D04B78D51C295DB600B76EAA /* Info.plist */ = {isa = PBXFileReference; lastKnownFileType = text.plist.xml; path = Info.plist; sourceTree = "<group>"; };
		D04B78DD1C295DEB00B76EAA /* AsyncUdpSocket.h */ = {isa = PBXFileReference; fileEncoding = 4; lastKnownFileType = sourcecode.c.h; path = AsyncUdpSocket.h; sourceTree = "<group>"; };
		D04B78DE1C295DEB00B76EAA /* AsyncUdpSocket.m */ = {isa = PBXFileReference; fileEncoding = 4; lastKnownFileType = sourcecode.c.objc; path = AsyncUdpSocket.m; sourceTree = "<group>"; };
		D04B78E01C295DF800B76EAA /* AsyncSocket.h */ = {isa = PBXFileReference; fileEncoding = 4; lastKnownFileType = sourcecode.c.h; path = AsyncSocket.h; sourceTree = "<group>"; };
		D04B78E11C295DF800B76EAA /* AsyncSocket.m */ = {isa = PBXFileReference; fileEncoding = 4; lastKnownFileType = sourcecode.c.objc; path = AsyncSocket.m; sourceTree = "<group>"; };
/* End PBXFileReference section */

/* Begin PBXFrameworksBuildPhase section */
		D04B78BE1C295DB600B76EAA /* Frameworks */ = {
			isa = PBXFrameworksBuildPhase;
			buildActionMask = 2147483647;
			files = (
			);
			runOnlyForDeploymentPostprocessing = 0;
		};
/* End PBXFrameworksBuildPhase section */

/* Begin PBXGroup section */
		D04B78B81C295DB600B76EAA = {
			isa = PBXGroup;
			children = (
				D04B78C31C295DB600B76EAA /* PishumTcpUdpSocket */,
				D04B78C21C295DB600B76EAA /* Products */,
			);
			sourceTree = "<group>";
		};
		D04B78C21C295DB600B76EAA /* Products */ = {
			isa = PBXGroup;
			children = (
				D04B78C11C295DB600B76EAA /* PishumTcpUdpSocket.app */,
			);
			name = Products;
			sourceTree = "<group>";
		};
		D04B78C31C295DB600B76EAA /* PishumTcpUdpSocket */ = {
			isa = PBXGroup;
			children = (
				D04B78DC1C295DDA00B76EAA /* UDP */,
				D04B78DB1C295DD400B76EAA /* TCP */,
				D04B78C71C295DB600B76EAA /* AppDelegate.h */,
				D04B78C81C295DB600B76EAA /* AppDelegate.m */,
				D04B78CA1C295DB600B76EAA /* ViewController.h */,
				D04B78CB1C295DB600B76EAA /* ViewController.m */,
				D04B78CD1C295DB600B76EAA /* Main.storyboard */,
				D04B78D01C295DB600B76EAA /* Assets.xcassets */,
				D04B78D21C295DB600B76EAA /* LaunchScreen.storyboard */,
				D04B78D51C295DB600B76EAA /* Info.plist */,
				D04B78C41C295DB600B76EAA /* Supporting Files */,
			);
			path = PishumTcpUdpSocket;
			sourceTree = "<group>";
		};
		D04B78C41C295DB600B76EAA /* Supporting Files */ = {
			isa = PBXGroup;
			children = (
				D04B78C51C295DB600B76EAA /* main.m */,
			);
			name = "Supporting Files";
			sourceTree = "<group>";
		};
		D04B78DB1C295DD400B76EAA /* TCP */ = {
			isa = PBXGroup;
			children = (
				D04B78DD1C295DEB00B76EAA /* AsyncUdpSocket.h */,
				D04B78DE1C295DEB00B76EAA /* AsyncUdpSocket.m */,
			);
			name = TCP;
			sourceTree = "<group>";
		};
		D04B78DC1C295DDA00B76EAA /* UDP */ = {
			isa = PBXGroup;
			children = (
				D04B78E01C295DF800B76EAA /* AsyncSocket.h */,
				D04B78E11C295DF800B76EAA /* AsyncSocket.m */,
			);
			name = UDP;
			sourceTree = "<group>";
		};
/* End PBXGroup section */

/* Begin PBXNativeTarget section */
		D04B78C01C295DB600B76EAA /* PishumTcpUdpSocket */ = {
			isa = PBXNativeTarget;
			buildConfigurationList = D04B78D81C295DB600B76EAA /* Build configuration list for PBXNativeTarget "PishumTcpUdpSocket" */;
			buildPhases = (
				D04B78BD1C295DB600B76EAA /* Sources */,
				D04B78BE1C295DB600B76EAA /* Frameworks */,
				D04B78BF1C295DB600B76EAA /* Resources */,
			);
			buildRules = (
			);
			dependencies = (
			);
			name = PishumTcpUdpSocket;
			productName = PishumTcpUdpSocket;
			productReference = D04B78C11C295DB600B76EAA /* PishumTcpUdpSocket.app */;
			productType = "com.apple.product-type.application";
		};
/* End PBXNativeTarget section */

/* Begin PBXProject section */
		D04B78B91C295DB600B76EAA /* Project object */ = {
			isa = PBXProject;
			attributes = {
				LastUpgradeCheck = 0710;
				ORGANIZATIONNAME = Pishum;
				TargetAttributes = {
					D04B78C01C295DB600B76EAA = {
						CreatedOnToolsVersion = 7.1;
					};
				};
			};
			buildConfigurationList = D04B78BC1C295DB600B76EAA /* Build configuration list for PBXProject "PishumTcpUdpSocket" */;
			compatibilityVersion = "Xcode 3.2";
			developmentRegion = English;
			hasScannedForEncodings = 0;
			knownRegions = (
				en,
				Base,
			);
			mainGroup = D04B78B81C295DB600B76EAA;
			productRefGroup = D04B78C21C295DB600B76EAA /* Products */;
			projectDirPath = "";
			projectRoot = "";
			targets = (
				D04B78C01C295DB600B76EAA /* PishumTcpUdpSocket */,
			);
		};
/* End PBXProject section */

/* Begin PBXResourcesBuildPhase section */
		D04B78BF1C295DB600B76EAA /* Resources */ = {
			isa = PBXResourcesBuildPhase;
			buildActionMask = 2147483647;
			files = (
				D04B78D41C295DB600B76EAA /* LaunchScreen.storyboard in Resources */,
				D04B78D11C295DB600B76EAA /* Assets.xcassets in Resources */,
				D04B78CF1C295DB600B76EAA /* Main.storyboard in Resources */,
			);
			runOnlyForDeploymentPostprocessing = 0;
		};
/* End PBXResourcesBuildPhase section */

/* Begin PBXSourcesBuildPhase section */
		D04B78BD1C295DB600B76EAA /* Sources */ = {
			isa = PBXSourcesBuildPhase;
			buildActionMask = 2147483647;
			files = (
				D04B78CC1C295DB600B76EAA /* ViewController.m in Sources */,
				D04B78E21C295DF800B76EAA /* AsyncSocket.m in Sources */,
				D04B78C91C295DB600B76EAA /* AppDelegate.m in Sources */,
				D04B78C61C295DB600B76EAA /* main.m in Sources */,
				D04B78DF1C295DEB00B76EAA /* AsyncUdpSocket.m in Sources */,
			);
			runOnlyForDeploymentPostprocessing = 0;
		};
/* End PBXSourcesBuildPhase section */

/* Begin PBXVariantGroup section */
		D04B78CD1C295DB600B76EAA /* Main.storyboard */ = {
			isa = PBXVariantGroup;
			children = (
				D04B78CE1C295DB600B76EAA /* Base */,
			);
			name = Main.storyboard;
			sourceTree = "<group>";
		};
		D04B78D21C295DB600B76EAA /* LaunchScreen.storyboard */ = {
			isa = PBXVariantGroup;
			children = (
				D04B78D31C295DB600B76EAA /* Base */,
			);
			name = LaunchScreen.storyboard;
			sourceTree = "<group>";
		};
/* End PBXVariantGroup section */

/* Begin XCBuildConfiguration section */
		D04B78D61C295DB600B76EAA /* Debug */ = {
			isa = XCBuildConfiguration;
			buildSettings = {
				ALWAYS_SEARCH_USER_PATHS = NO;
				CLANG_CXX_LANGUAGE_STANDARD = "gnu++0x";
				CLANG_CXX_LIBRARY = "libc++";
				CLANG_ENABLE_MODULES = YES;
				CLANG_ENABLE_OBJC_ARC = YES;
				CLANG_WARN_BOOL_CONVERSION = YES;
				CLANG_WARN_CONSTANT_CONVERSION = YES;
				CLANG_WARN_DIRECT_OBJC_ISA_USAGE = YES_ERROR;
				CLANG_WARN_EMPTY_BODY = YES;
				CLANG_WARN_ENUM_CONVERSION = YES;
				CLANG_WARN_INT_CONVERSION = YES;
				CLANG_WARN_OBJC_ROOT_CLASS = YES_ERROR;
				CLANG_WARN_UNREACHABLE_CODE = YES;
				CLANG_WARN__DUPLICATE_METHOD_MATCH = YES;
				"CODE_SIGN_IDENTITY[sdk=iphoneos*]" = "iPhone Developer";
				COPY_PHASE_STRIP = NO;
				DEBUG_INFORMATION_FORMAT = dwarf;
				ENABLE_STRICT_OBJC_MSGSEND = YES;
				ENABLE_TESTABILITY = YES;
				GCC_C_LANGUAGE_STANDARD = gnu99;
				GCC_DYNAMIC_NO_PIC = NO;
				GCC_NO_COMMON_BLOCKS = YES;
				GCC_OPTIMIZATION_LEVEL = 0;
				GCC_PREPROCESSOR_DEFINITIONS = (
					"DEBUG=1",
					"$(inherited)",
				);
				GCC_WARN_64_TO_32_BIT_CONVERSION = YES;
				GCC_WARN_ABOUT_RETURN_TYPE = YES_ERROR;
				GCC_WARN_UNDECLARED_SELECTOR = YES;
				GCC_WARN_UNINITIALIZED_AUTOS = YES_AGGRESSIVE;
				GCC_WARN_UNUSED_FUNCTION = YES;
				GCC_WARN_UNUSED_VARIABLE = YES;
				IPHONEOS_DEPLOYMENT_TARGET = 9.1;
				MTL_ENABLE_DEBUG_INFO = YES;
				ONLY_ACTIVE_ARCH = YES;
				SDKROOT = iphoneos;
			};
			name = Debug;
		};
		D04B78D71C295DB600B76EAA /* Release */ = {
			isa = XCBuildConfiguration;
			buildSettings = {
				ALWAYS_SEARCH_USER_PATHS = NO;
				CLANG_CXX_LANGUAGE_STANDARD = "gnu++0x";
				CLANG_CXX_LIBRARY = "libc++";
				CLANG_ENABLE_MODULES = YES;
				CLANG_ENABLE_OBJC_ARC = YES;
				CLANG_WARN_BOOL_CONVERSION = YES;
				CLANG_WARN_CONSTANT_CONVERSION = YES;
				CLANG_WARN_DIRECT_OBJC_ISA_USAGE = YES_ERROR;
				CLANG_WARN_EMPTY_BODY = YES;
				CLANG_WARN_ENUM_CONVERSION = YES;
				CLANG_WARN_INT_CONVERSION = YES;
				CLANG_WARN_OBJC_ROOT_CLASS = YES_ERROR;
				CLANG_WARN_UNREACHABLE_CODE = YES;
				CLANG_WARN__DUPLICATE_METHOD_MATCH = YES;
				"CODE_SIGN_IDENTITY[sdk=iphoneos*]" = "iPhone Developer";
				COPY_PHASE_STRIP = NO;
				DEBUG_INFORMATION_FORMAT = "dwarf-with-dsym";
				ENABLE_NS_ASSERTIONS = NO;
				ENABLE_STRICT_OBJC_MSGSEND = YES;
				GCC_C_LANGUAGE_STANDARD = gnu99;
				GCC_NO_COMMON_BLOCKS = YES;
				GCC_WARN_64_TO_32_BIT_CONVERSION = YES;
				GCC_WARN_ABOUT_RETURN_TYPE = YES_ERROR;
				GCC_WARN_UNDECLARED_SELECTOR = YES;
				GCC_WARN_UNINITIALIZED_AUTOS = YES_AGGRESSIVE;
				GCC_WARN_UNUSED_FUNCTION = YES;
				GCC_WARN_UNUSED_VARIABLE = YES;
				IPHONEOS_DEPLOYMENT_TARGET = 9.1;
				MTL_ENABLE_DEBUG_INFO = NO;
				SDKROOT = iphoneos;
				VALIDATE_PRODUCT = YES;
			};
			name = Release;
		};
		D04B78D91C295DB600B76EAA /* Debug */ = {
			isa = XCBuildConfiguration;
			buildSettings = {
				ASSETCATALOG_COMPILER_APPICON_NAME = AppIcon;
				INFOPLIST_FILE = PishumTcpUdpSocket/Info.plist;
				LD_RUNPATH_SEARCH_PATHS = "$(inherited) @executable_path/Frameworks";
				PRODUCT_BUNDLE_IDENTIFIER = com.pishum.PishumTcpUdpSocket;
				PRODUCT_NAME = "$(TARGET_NAME)";
			};
			name = Debug;
		};
		D04B78DA1C295DB600B76EAA /* Release */ = {
			isa = XCBuildConfiguration;
			buildSettings = {
				ASSETCATALOG_COMPILER_APPICON_NAME = AppIcon;
				INFOPLIST_FILE = PishumTcpUdpSocket/Info.plist;
				LD_RUNPATH_SEARCH_PATHS = "$(inherited) @executable_path/Frameworks";
				PRODUCT_BUNDLE_IDENTIFIER = com.pishum.PishumTcpUdpSocket;
				PRODUCT_NAME = "$(TARGET_NAME)";
			};
			name = Release;
		};
/* End XCBuildConfiguration section */

/* Begin XCConfigurationList section */
		D04B78BC1C295DB600B76EAA /* Build configuration list for PBXProject "PishumTcpUdpSocket" */ = {
			isa = XCConfigurationList;
			buildConfigurations = (
				D04B78D61C295DB600B76EAA /* Debug */,
				D04B78D71C295DB600B76EAA /* Release */,
			);
			defaultConfigurationIsVisible = 0;
			defaultConfigurationName = Release;
		};
		D04B78D81C295DB600B76EAA /* Build configuration list for PBXNativeTarget "PishumTcpUdpSocket" */ = {
			isa = XCConfigurationList;
			buildConfigurations = (
				D04B78D91C295DB600B76EAA /* Debug */,
				D04B78DA1C295DB600B76EAA /* Release */,
			);
			defaultConfigurationIsVisible = 0;
			defaultConfigurationName = Release;
		};
/* End XCConfigurationList section */
	};
	rootObject = D04B78B91C295DB600B76EAA /* Project object */;
}
